
Microsoft Visual Studio Solution File, Format Version 12.00
# Visual Studio 15
VisualStudioVersion = 15.0.27703.2026
MinimumVisualStudioVersion = 10.0.40219.1
Project("{FAE04EC0-301F-11D3-BF4B-00C04F79EFBC}") = "IdentityServerPOC3", "IdentityServerPOC3\IdentityServerPOC3.csproj", "{B8313841-656D-48E0-B3C5-4ED326F5763F}"
EndProject
Global
	GlobalSection(SolutionConfigurationPlatforms) = preSolution
		Debug|Any CPU = Debug|Any CPU
		Release|Any CPU = Release|Any CPU
	EndGlobalSection
	GlobalSection(ProjectConfigurationPlatforms) = postSolution
		{B8313841-656D-48E0-B3C5-4ED326F5763F}.Debug|Any CPU.ActiveCfg = Debug|Any CPU
		{B8313841-656D-48E0-B3C5-4ED326F5763F}.Debug|Any CPU.Build.0 = Debug|Any CPU
		{B8313841-656D-48E0-B3C5-4ED326F5763F}.Release|Any CPU.ActiveCfg = Release|Any CPU
		{B8313841-656D-48E0-B3C5-4ED326F5763F}.Release|Any CPU.Build.0 = Release|Any CPU
	EndGlobalSection
	GlobalSection(SolutionProperties) = preSolution
		HideSolutionNode = FALSE
	EndGlobalSection
	GlobalSection(ExtensibilityGlobals) = postSolution
		SolutionGuid = {F24183E3-6871-4075-9EE6-8222E6869E84}
	EndGlobalSection
EndGlobal
